
Microsoft Visual Studio Solution File, Format Version 12.00
# Visual Studio Version 17
VisualStudioVersion = 17.11.35303.130
MinimumVisualStudioVersion = 10.0.40219.1
Project("{FAE04EC0-301F-11D3-BF4B-00C04F79EFBC}") = "Cumulative", "Cumulative\Cumulative.csproj", "{6DE85E34-FD8C-4BCB-9009-AEAA7D4E1D86}"
EndProject
Global
	GlobalSection(SolutionConfigurationPlatforms) = preSolution
		Debug|Any CPU = Debug|Any CPU
		Release|Any CPU = Release|Any CPU
	EndGlobalSection
	GlobalSection(ProjectConfigurationPlatforms) = postSolution
		{6DE85E34-FD8C-4BCB-9009-AEAA7D4E1D86}.Debug|Any CPU.ActiveCfg = Debug|Any CPU
		{6DE85E34-FD8C-4BCB-9009-AEAA7D4E1D86}.Debug|Any CPU.Build.0 = Debug|Any CPU
		{6DE85E34-FD8C-4BCB-9009-AEAA7D4E1D86}.Release|Any CPU.ActiveCfg = Release|Any CPU
		{6DE85E34-FD8C-4BCB-9009-AEAA7D4E1D86}.Release|Any CPU.Build.0 = Release|Any CPU
	EndGlobalSection
	GlobalSection(SolutionProperties) = preSolution
		HideSolutionNode = FALSE
	EndGlobalSection
	GlobalSection(ExtensibilityGlobals) = postSolution
		SolutionGuid = {1D5D7F4F-F0CA-4695-8A26-D1E33343E4A4}
	EndGlobalSection
EndGlobal
